
Microsoft Visual Studio Solution File, Format Version 12.00
# Visual Studio 15
VisualStudioVersion = 15.0.28307.421
MinimumVisualStudioVersion = 10.0.40219.1
Project("{9A19103F-16F7-4668-BE54-9A1E7A4F7556}") = "DesignCrowd.PublicHolidays", "DesignCrowd.PublicHolidays\DesignCrowd.PublicHolidays.csproj", "{3C87DE7D-DBC9-4612-A60E-7E844C3144CF}"
EndProject
Project("{9A19103F-16F7-4668-BE54-9A1E7A4F7556}") = "DesignCrowd.PublicHolidays.Tests", "DesignCrowd.PublicHolidays.Tests\DesignCrowd.PublicHolidays.Tests.csproj", "{1A31A819-7768-4550-B1AE-724B48E34C21}"
EndProject
Global
	GlobalSection(SolutionConfigurationPlatforms) = preSolution
		Debug|Any CPU = Debug|Any CPU
		Release|Any CPU = Release|Any CPU
	EndGlobalSection
	GlobalSection(ProjectConfigurationPlatforms) = postSolution
		{3C87DE7D-DBC9-4612-A60E-7E844C3144CF}.Debug|Any CPU.ActiveCfg = Debug|Any CPU
		{3C87DE7D-DBC9-4612-A60E-7E844C3144CF}.Debug|Any CPU.Build.0 = Debug|Any CPU
		{3C87DE7D-DBC9-4612-A60E-7E844C3144CF}.Release|Any CPU.ActiveCfg = Release|Any CPU
		{3C87DE7D-DBC9-4612-A60E-7E844C3144CF}.Release|Any CPU.Build.0 = Release|Any CPU
		{1A31A819-7768-4550-B1AE-724B48E34C21}.Debug|Any CPU.ActiveCfg = Debug|Any CPU
		{1A31A819-7768-4550-B1AE-724B48E34C21}.Debug|Any CPU.Build.0 = Debug|Any CPU
		{1A31A819-7768-4550-B1AE-724B48E34C21}.Release|Any CPU.ActiveCfg = Release|Any CPU
		{1A31A819-7768-4550-B1AE-724B48E34C21}.Release|Any CPU.Build.0 = Release|Any CPU
	EndGlobalSection
	GlobalSection(SolutionProperties) = preSolution
		HideSolutionNode = FALSE
	EndGlobalSection
	GlobalSection(ExtensibilityGlobals) = postSolution
		SolutionGuid = {3653A314-7C75-489D-9DC6-9E1A31226EDA}
	EndGlobalSection
EndGlobal
